
Microsoft Visual Studio Solution File, Format Version 12.00
# Visual Studio 2013
VisualStudioVersion = 12.0.40629.0
MinimumVisualStudioVersion = 10.0.40219.1
Project("{FAE04EC0-301F-11D3-BF4B-00C04F79EFBC}") = "ItAcademy.PropertyCenter", "ItAcademy.PropertyCenter\ItAcademy.PropertyCenter.csproj", "{1684C8AC-9F7C-41D0-8392-E5D2BE60E44B}"
EndProject
Project("{FAE04EC0-301F-11D3-BF4B-00C04F79EFBC}") = "ItAcademy.PropertyCenter.Tests", "ItAcademy.PropertyCenter.Tests\ItAcademy.PropertyCenter.Tests.csproj", "{278699EC-3077-495F-85B4-DCE78A3999FE}"
EndProject
Project("{FAE04EC0-301F-11D3-BF4B-00C04F79EFBC}") = "ItAcademy.PropertyCenter.Entities", "ItAcademy.PropertyCenter.Entities\ItAcademy.PropertyCenter.Entities.csproj", "{5FCB6B6C-A0A4-4EF8-9313-8DABAE80CED1}"
EndProject
Project("{FAE04EC0-301F-11D3-BF4B-00C04F79EFBC}") = "ItAcademy.PropertyCenter.Domain", "ItAcademy.PropertyCenter.Domain\ItAcademy.PropertyCenter.Domain.csproj", "{76F74D92-BF16-4ABF-BB00-6D6AF93637AA}"
EndProject
Project("{FAE04EC0-301F-11D3-BF4B-00C04F79EFBC}") = "ItAcademy.PropertyCenter.Repository", "ItAcademy.PropertyCenter.Repository\ItAcademy.PropertyCenter.Repository.csproj", "{8258B5D7-40E6-492D-9D28-F99E266F9F2A}"
EndProject
Project("{FAE04EC0-301F-11D3-BF4B-00C04F79EFBC}") = "ItAcademy.PropertyCenter.Services", "ItAcademy.PropertyCenter.Services\ItAcademy.PropertyCenter.Services.csproj", "{9F67CB17-4BFA-4D88-941C-5B50CB5FD4F6}"
EndProject
Project("{FAE04EC0-301F-11D3-BF4B-00C04F79EFBC}") = "ItAcademy.PropertyCenter.Core", "ItAcademy.PropertyCenter.Core\ItAcademy.PropertyCenter.Core.csproj", "{E016BDEB-F3ED-4D58-B4DA-DC26470B416B}"
EndProject
Global
	GlobalSection(SolutionConfigurationPlatforms) = preSolution
		Debug|Any CPU = Debug|Any CPU
		Release|Any CPU = Release|Any CPU
	EndGlobalSection
	GlobalSection(ProjectConfigurationPlatforms) = postSolution
		{1684C8AC-9F7C-41D0-8392-E5D2BE60E44B}.Debug|Any CPU.ActiveCfg = Debug|Any CPU
		{1684C8AC-9F7C-41D0-8392-E5D2BE60E44B}.Debug|Any CPU.Build.0 = Debug|Any CPU
		{1684C8AC-9F7C-41D0-8392-E5D2BE60E44B}.Release|Any CPU.ActiveCfg = Release|Any CPU
		{1684C8AC-9F7C-41D0-8392-E5D2BE60E44B}.Release|Any CPU.Build.0 = Release|Any CPU
		{278699EC-3077-495F-85B4-DCE78A3999FE}.Debug|Any CPU.ActiveCfg = Debug|Any CPU
		{278699EC-3077-495F-85B4-DCE78A3999FE}.Debug|Any CPU.Build.0 = Debug|Any CPU
		{278699EC-3077-495F-85B4-DCE78A3999FE}.Release|Any CPU.ActiveCfg = Release|Any CPU
		{278699EC-3077-495F-85B4-DCE78A3999FE}.Release|Any CPU.Build.0 = Release|Any CPU
		{5FCB6B6C-A0A4-4EF8-9313-8DABAE80CED1}.Debug|Any CPU.ActiveCfg = Debug|Any CPU
		{5FCB6B6C-A0A4-4EF8-9313-8DABAE80CED1}.Debug|Any CPU.Build.0 = Debug|Any CPU
		{5FCB6B6C-A0A4-4EF8-9313-8DABAE80CED1}.Release|Any CPU.ActiveCfg = Release|Any CPU
		{5FCB6B6C-A0A4-4EF8-9313-8DABAE80CED1}.Release|Any CPU.Build.0 = Release|Any CPU
		{76F74D92-BF16-4ABF-BB00-6D6AF93637AA}.Debug|Any CPU.ActiveCfg = Debug|Any CPU
		{76F74D92-BF16-4ABF-BB00-6D6AF93637AA}.Debug|Any CPU.Build.0 = Debug|Any CPU
		{76F74D92-BF16-4ABF-BB00-6D6AF93637AA}.Release|Any CPU.ActiveCfg = Release|Any CPU
		{76F74D92-BF16-4ABF-BB00-6D6AF93637AA}.Release|Any CPU.Build.0 = Release|Any CPU
		{8258B5D7-40E6-492D-9D28-F99E266F9F2A}.Debug|Any CPU.ActiveCfg = Debug|Any CPU
		{8258B5D7-40E6-492D-9D28-F99E266F9F2A}.Debug|Any CPU.Build.0 = Debug|Any CPU
		{8258B5D7-40E6-492D-9D28-F99E266F9F2A}.Release|Any CPU.ActiveCfg = Release|Any CPU
		{8258B5D7-40E6-492D-9D28-F99E266F9F2A}.Release|Any CPU.Build.0 = Release|Any CPU
		{9F67CB17-4BFA-4D88-941C-5B50CB5FD4F6}.Debug|Any CPU.ActiveCfg = Debug|Any CPU
		{9F67CB17-4BFA-4D88-941C-5B50CB5FD4F6}.Debug|Any CPU.Build.0 = Debug|Any CPU
		{9F67CB17-4BFA-4D88-941C-5B50CB5FD4F6}.Release|Any CPU.ActiveCfg = Release|Any CPU
		{9F67CB17-4BFA-4D88-941C-5B50CB5FD4F6}.Release|Any CPU.Build.0 = Release|Any CPU
		{E016BDEB-F3ED-4D58-B4DA-DC26470B416B}.Debug|Any CPU.ActiveCfg = Debug|Any CPU
		{E016BDEB-F3ED-4D58-B4DA-DC26470B416B}.Debug|Any CPU.Build.0 = Debug|Any CPU
		{E016BDEB-F3ED-4D58-B4DA-DC26470B416B}.Release|Any CPU.ActiveCfg = Release|Any CPU
		{E016BDEB-F3ED-4D58-B4DA-DC26470B416B}.Release|Any CPU.Build.0 = Release|Any CPU
	EndGlobalSection
	GlobalSection(SolutionProperties) = preSolution
		HideSolutionNode = FALSE
	EndGlobalSection
EndGlobal
